
Microsoft Visual Studio Solution File, Format Version 12.00
# Visual Studio Version 17
VisualStudioVersion = 17.14.36301.6 d17.14
MinimumVisualStudioVersion = 10.0.40219.1
Project("{FAE04EC0-301F-11D3-BF4B-00C04F79EFBC}") = "Breakout game 2", "Breakout game 2.csproj", "{164F6B4E-8B8D-4CF4-916A-0A8ADDC29A47}"
EndProject
Global
	GlobalSection(SolutionConfigurationPlatforms) = preSolution
		Debug|Any CPU = Debug|Any CPU
		Release|Any CPU = Release|Any CPU
	EndGlobalSection
	GlobalSection(ProjectConfigurationPlatforms) = postSolution
		{164F6B4E-8B8D-4CF4-916A-0A8ADDC29A47}.Debug|Any CPU.ActiveCfg = Debug|Any CPU
		{164F6B4E-8B8D-4CF4-916A-0A8ADDC29A47}.Debug|Any CPU.Build.0 = Debug|Any CPU
		{164F6B4E-8B8D-4CF4-916A-0A8ADDC29A47}.Release|Any CPU.ActiveCfg = Release|Any CPU
		{164F6B4E-8B8D-4CF4-916A-0A8ADDC29A47}.Release|Any CPU.Build.0 = Release|Any CPU
	EndGlobalSection
	GlobalSection(SolutionProperties) = preSolution
		HideSolutionNode = FALSE
	EndGlobalSection
	GlobalSection(ExtensibilityGlobals) = postSolution
		SolutionGuid = {6653C3BB-84EA-4F8F-98B5-DFFFA2B36A0E}
	EndGlobalSection
EndGlobal
